
Microsoft Visual Studio Solution File, Format Version 11.00
# Visual Studio 2010
Project("{FAE04EC0-301F-11D3-BF4B-00C04F79EFBC}") = "dotnetwithmongo", "dotnetwithmongo\dotnetwithmongo.csproj", "{D55A6827-E352-4083-9328-B2639A1EF787}"
EndProject
Global
	GlobalSection(SolutionConfigurationPlatforms) = preSolution
		Debug|Any CPU = Debug|Any CPU
		Release|Any CPU = Release|Any CPU
	EndGlobalSection
	GlobalSection(ProjectConfigurationPlatforms) = postSolution
		{D55A6827-E352-4083-9328-B2639A1EF787}.Debug|Any CPU.ActiveCfg = Debug|Any CPU
		{D55A6827-E352-4083-9328-B2639A1EF787}.Debug|Any CPU.Build.0 = Debug|Any CPU
		{D55A6827-E352-4083-9328-B2639A1EF787}.Release|Any CPU.ActiveCfg = Release|Any CPU
		{D55A6827-E352-4083-9328-B2639A1EF787}.Release|Any CPU.Build.0 = Release|Any CPU
	EndGlobalSection
	GlobalSection(SolutionProperties) = preSolution
		HideSolutionNode = FALSE
	EndGlobalSection
EndGlobal
